
Microsoft Visual Studio Solution File, Format Version 12.00
# Visual Studio 15
VisualStudioVersion = 15.0.28307.1062
MinimumVisualStudioVersion = 10.0.40219.1
Project("{FAE04EC0-301F-11D3-BF4B-00C04F79EFBC}") = "ExtensionsMethods", "ExtensionsMethods\ExtensionsMethods.csproj", "{EBF72886-2CD6-4545-96DE-A94122C35B47}"
EndProject
Global
	GlobalSection(SolutionConfigurationPlatforms) = preSolution
		Debug|Any CPU = Debug|Any CPU
		Release|Any CPU = Release|Any CPU
	EndGlobalSection
	GlobalSection(ProjectConfigurationPlatforms) = postSolution
		{EBF72886-2CD6-4545-96DE-A94122C35B47}.Debug|Any CPU.ActiveCfg = Debug|Any CPU
		{EBF72886-2CD6-4545-96DE-A94122C35B47}.Debug|Any CPU.Build.0 = Debug|Any CPU
		{EBF72886-2CD6-4545-96DE-A94122C35B47}.Release|Any CPU.ActiveCfg = Release|Any CPU
		{EBF72886-2CD6-4545-96DE-A94122C35B47}.Release|Any CPU.Build.0 = Release|Any CPU
	EndGlobalSection
	GlobalSection(SolutionProperties) = preSolution
		HideSolutionNode = FALSE
	EndGlobalSection
	GlobalSection(ExtensibilityGlobals) = postSolution
		SolutionGuid = {AEC59336-7628-4C06-9202-85D785FA53F5}
	EndGlobalSection
EndGlobal
